
Microsoft Visual Studio Solution File, Format Version 12.00
# Visual Studio Version 16
VisualStudioVersion = 16.0.30523.141
MinimumVisualStudioVersion = 10.0.40219.1
Project("{FAE04EC0-301F-11D3-BF4B-00C04F79EFBC}") = "Fizzbuzz", "Fizzbuzz.csproj", "{B5413F34-9654-446E-B8CC-8DD2C01381E8}"
EndProject
Global
	GlobalSection(SolutionConfigurationPlatforms) = preSolution
		Debug|Any CPU = Debug|Any CPU
		Release|Any CPU = Release|Any CPU
	EndGlobalSection
	GlobalSection(ProjectConfigurationPlatforms) = postSolution
		{B5413F34-9654-446E-B8CC-8DD2C01381E8}.Debug|Any CPU.ActiveCfg = Debug|Any CPU
		{B5413F34-9654-446E-B8CC-8DD2C01381E8}.Debug|Any CPU.Build.0 = Debug|Any CPU
		{B5413F34-9654-446E-B8CC-8DD2C01381E8}.Release|Any CPU.ActiveCfg = Release|Any CPU
		{B5413F34-9654-446E-B8CC-8DD2C01381E8}.Release|Any CPU.Build.0 = Release|Any CPU
	EndGlobalSection
	GlobalSection(SolutionProperties) = preSolution
		HideSolutionNode = FALSE
	EndGlobalSection
	GlobalSection(ExtensibilityGlobals) = postSolution
		SolutionGuid = {9DA1C9A3-57CF-4721-85D6-34D33F3DB25C}
	EndGlobalSection
EndGlobal
